{
    "_readme": [
        "This file locks the dependencies of your project to a known state",
        "Read more about it at https://getcomposer.org/doc/01-basic-usage.md#composer-lock-the-lock-file",
        "This file is @generated automatically"
    ],
    "hash": "63ed68bd8c1b38c521bba2a15a5f28b3",
    "content-hash": "af5df23135b5e9c83dd8f8d540d99fc0",
    "packages": [
        {
            "name": "mrclay/jsmin-php",
            "version": "2.3.2",
            "source": {
                "type": "git",
                "url": "https://github.com/mrclay/jsmin-php.git",
                "reference": "932c9633c35b390beb2cfdea69a41ea7dbc8d759"
            },
            "dist": {
                "type": "zip",
                "url": "https://api.github.com/repos/mrclay/jsmin-php/zipball/932c9633c35b390beb2cfdea69a41ea7dbc8d759",
                "reference": "932c9633c35b390beb2cfdea69a41ea7dbc8d759",
                "shasum": ""
            },
            "require": {
                "ext-pcre": "*",
                "php": ">=5.3.0"
            },
            "require-dev": {
                "phpunit/phpunit": "4.2"
            },
            "type": "library",
            "autoload": {
                "psr-0": {
                    "JSMin\\": "src/"
                }
            },
            "notification-url": "https://packagist.org/downloads/",
            "license": [
                "MIT"
            ],
            "authors": [
                {
                    "name": "Stephen Clay",
                    "email": "steve@mrclay.org",
                    "role": "Developer"
                },
                {
                    "name": "Ryan Grove",
                    "email": "ryan@wonko.com",
                    "role": "Developer"
                }
            ],
            "description": "Provides a modified port of Douglas Crockford's jsmin.c, which removes unnecessary whitespace from JavaScript files.",
            "homepage": "https://github.com/mrclay/jsmin-php/",
            "keywords": [
                "compress",
                "jsmin",
                "minify"
            ],
            "time": "2015-03-30 15:04:42"
        },
        {
            "name": "sunra/php-simple-html-dom-parser",
            "version": "v1.5.1",
            "source": {
                "type": "git",
                "url": "https://github.com/sunra/php-simple-html-dom-parser.git",
                "reference": "f910346ce47513a49ed5b8de197cde26c3f0b193"
            },
            "dist": {
                "type": "zip",
                "url": "https://api.github.com/repos/sunra/php-simple-html-dom-parser/zipball/f910346ce47513a49ed5b8de197cde26c3f0b193",
                "reference": "f910346ce47513a49ed5b8de197cde26c3f0b193",
                "shasum": ""
            },
            "require": {
                "php": ">=5.3.2"
            },
            "type": "library",
            "autoload": {
                "psr-0": {
                    "Sunra\\PhpSimple\\HtmlDomParser": "Src/"
                }
            },
            "notification-url": "https://packagist.org/downloads/",
            "license": [
                "MIT"
            ],
            "authors": [
                {
                    "name": "Sunra",
                    "email": "sunra@yandex.ru",
                    "homepage": "https://github.com/sunra"
                }
            ],
            "description": "Composer adaptation of: A HTML DOM parser written in PHP5+ let you manipulate HTML in a very easy way! Require PHP 5+. Supports invalid HTML. Find tags on an HTML page with selectors just like jQuery. Extract contents from HTML in a single line.",
            "homepage": "https://github.com/sunra/php-simple-html-dom-parser",
            "keywords": [
                "dom",
                "html",
                "parser"
            ],
            "time": "2016-05-20 11:21:15"
        },
        {
            "name": "symfony/css-selector",
            "version": "v3.4.8",
            "source": {
                "type": "git",
                "url": "https://github.com/symfony/css-selector.git",
                "reference": "519a80d7c1d95c6cc0b67f686d15fe27c6910de0"
            },
            "dist": {
                "type": "zip",
                "url": "https://api.github.com/repos/symfony/css-selector/zipball/519a80d7c1d95c6cc0b67f686d15fe27c6910de0",
                "reference": "519a80d7c1d95c6cc0b67f686d15fe27c6910de0",
                "shasum": ""
            },
            "require": {
                "php": "^5.5.9|>=7.0.8"
            },
            "type": "library",
            "extra": {
                "branch-alias": {
                    "dev-master": "3.4-dev"
                }
            },
            "autoload": {
                "psr-4": {
                    "Symfony\\Component\\CssSelector\\": ""
                },
                "exclude-from-classmap": [
                    "/Tests/"
                ]
            },
            "notification-url": "https://packagist.org/downloads/",
            "license": [
                "MIT"
            ],
            "authors": [
                {
                    "name": "Jean-François Simon",
                    "email": "jeanfrancois.simon@sensiolabs.com"
                },
                {
                    "name": "Fabien Potencier",
                    "email": "fabien@symfony.com"
                },
                {
                    "name": "Symfony Community",
                    "homepage": "https://symfony.com/contributors"
                }
            ],
            "description": "Symfony CssSelector Component",
            "homepage": "https://symfony.com",
            "time": "2018-03-19 22:32:39"
        },
        {
            "name": "symfony/dom-crawler",
            "version": "v3.4.8",
            "source": {
                "type": "git",
                "url": "https://github.com/symfony/dom-crawler.git",
                "reference": "1a4cffeb059226ff6bee9f48acb388faf674afff"
            },
            "dist": {
                "type": "zip",
                "url": "https://api.github.com/repos/symfony/dom-crawler/zipball/1a4cffeb059226ff6bee9f48acb388faf674afff",
                "reference": "1a4cffeb059226ff6bee9f48acb388faf674afff",
                "shasum": ""
            },
            "require": {
                "php": "^5.5.9|>=7.0.8",
                "symfony/polyfill-mbstring": "~1.0"
            },
            "require-dev": {
                "symfony/css-selector": "~2.8|~3.0|~4.0"
            },
            "suggest": {
                "symfony/css-selector": ""
            },
            "type": "library",
            "extra": {
                "branch-alias": {
                    "dev-master": "3.4-dev"
                }
            },
            "autoload": {
                "psr-4": {
                    "Symfony\\Component\\DomCrawler\\": ""
                },
                "exclude-from-classmap": [
                    "/Tests/"
                ]
            },
            "notification-url": "https://packagist.org/downloads/",
            "license": [
                "MIT"
            ],
            "authors": [
                {
                    "name": "Fabien Potencier",
                    "email": "fabien@symfony.com"
                },
                {
                    "name": "Symfony Community",
                    "homepage": "https://symfony.com/contributors"
                }
            ],
            "description": "Symfony DomCrawler Component",
            "homepage": "https://symfony.com",
            "time": "2018-03-19 22:32:39"
        },
        {
            "name": "symfony/options-resolver",
            "version": "v3.4.8",
            "source": {
                "type": "git",
                "url": "https://github.com/symfony/options-resolver.git",
                "reference": "f3109a6aedd20e35c3a33190e932c2b063b7b50e"
            },
            "dist": {
                "type": "zip",
                "url": "https://api.github.com/repos/symfony/options-resolver/zipball/f3109a6aedd20e35c3a33190e932c2b063b7b50e",
                "reference": "f3109a6aedd20e35c3a33190e932c2b063b7b50e",
                "shasum": ""
            },
            "require": {
                "php": "^5.5.9|>=7.0.8"
            },
            "type": "library",
            "extra": {
                "branch-alias": {
                    "dev-master": "3.4-dev"
                }
            },
            "autoload": {
                "psr-4": {
                    "Symfony\\Component\\OptionsResolver\\": ""
                },
                "exclude-from-classmap": [
                    "/Tests/"
                ]
            },
            "notification-url": "https://packagist.org/downloads/",
            "license": [
                "MIT"
            ],
            "authors": [
                {
                    "name": "Fabien Potencier",
                    "email": "fabien@symfony.com"
                },
                {
                    "name": "Symfony Community",
                    "homepage": "https://symfony.com/contributors"
                }
            ],
            "description": "Symfony OptionsResolver Component",
            "homepage": "https://symfony.com",
            "keywords": [
                "config",
                "configuration",
                "options"
            ],
            "time": "2018-01-11 07:56:07"
        },
        {
            "name": "symfony/polyfill-mbstring",
            "version": "v1.7.0",
            "source": {
                "type": "git",
                "url": "https://github.com/symfony/polyfill-mbstring.git",
                "reference": "78be803ce01e55d3491c1397cf1c64beb9c1b63b"
            },
            "dist": {
                "type": "zip",
                "url": "https://api.github.com/repos/symfony/polyfill-mbstring/zipball/78be803ce01e55d3491c1397cf1c64beb9c1b63b",
                "reference": "78be803ce01e55d3491c1397cf1c64beb9c1b63b",
                "shasum": ""
            },
            "require": {
                "php": ">=5.3.3"
            },
            "suggest": {
                "ext-mbstring": "For best performance"
            },
            "type": "library",
            "extra": {
                "branch-alias": {
                    "dev-master": "1.7-dev"
                }
            },
            "autoload": {
                "psr-4": {
                    "Symfony\\Polyfill\\Mbstring\\": ""
                },
                "files": [
                    "bootstrap.php"
                ]
            },
            "notification-url": "https://packagist.org/downloads/",
            "license": [
                "MIT"
            ],
            "authors": [
                {
                    "name": "Nicolas Grekas",
                    "email": "p@tchwork.com"
                },
                {
                    "name": "Symfony Community",
                    "homepage": "https://symfony.com/contributors"
                }
            ],
            "description": "Symfony polyfill for the Mbstring extension",
            "homepage": "https://symfony.com",
            "keywords": [
                "compatibility",
                "mbstring",
                "polyfill",
                "portable",
                "shim"
            ],
            "time": "2018-01-30 19:27:44"
        },
        {
            "name": "tubalmartin/cssmin",
            "version": "v4.1.1",
            "source": {
                "type": "git",
                "url": "https://github.com/tubalmartin/YUI-CSS-compressor-PHP-port.git",
                "reference": "3cbf557f4079d83a06f9c3ff9b957c022d7805cf"
            },
            "dist": {
                "type": "zip",
                "url": "https://api.github.com/repos/tubalmartin/YUI-CSS-compressor-PHP-port/zipball/3cbf557f4079d83a06f9c3ff9b957c022d7805cf",
                "reference": "3cbf557f4079d83a06f9c3ff9b957c022d7805cf",
                "shasum": ""
            },
            "require": {
                "ext-pcre": "*",
                "php": ">=5.3.2"
            },
            "require-dev": {
                "cogpowered/finediff": "0.3.*",
                "phpunit/phpunit": "4.8.*"
            },
            "bin": [
                "cssmin"
            ],
            "type": "library",
            "autoload": {
                "psr-4": {
                    "tubalmartin\\CssMin\\": "src"
                }
            },
            "notification-url": "https://packagist.org/downloads/",
            "license": [
                "BSD-3-Clause"
            ],
            "authors": [
                {
                    "name": "Túbal Martín",
                    "homepage": "http://tubalmartin.me/"
                }
            ],
            "description": "A PHP port of the YUI CSS compressor",
            "homepage": "https://github.com/tubalmartin/YUI-CSS-compressor-PHP-port",
            "keywords": [
                "compress",
                "compressor",
                "css",
                "cssmin",
                "minify",
                "yui"
            ],
            "time": "2018-01-15 15:26:51"
        },
        {
            "name": "wa72/html-pretty-min",
            "version": "v0.2.0",
            "source": {
                "type": "git",
                "url": "https://github.com/wasinger/html-pretty-min.git",
                "reference": "3b4eca03559dab8c178ec7a80f3043c279f5e90e"
            },
            "dist": {
                "type": "zip",
                "url": "https://api.github.com/repos/wasinger/html-pretty-min/zipball/3b4eca03559dab8c178ec7a80f3043c279f5e90e",
                "reference": "3b4eca03559dab8c178ec7a80f3043c279f5e90e",
                "shasum": ""
            },
            "require": {
                "mrclay/jsmin-php": "^2.3",
                "php": ">=5.4",
                "symfony/options-resolver": ">=2.3",
                "tubalmartin/cssmin": "^4"
            },
            "require-dev": {
                "phpunit/phpunit": "^4|^5|^6|^7"
            },
            "type": "library",
            "autoload": {
                "psr-4": {
                    "Wa72\\HtmlPrettymin\\": ""
                }
            },
            "notification-url": "https://packagist.org/downloads/",
            "license": [
                "MIT"
            ],
            "authors": [
                {
                    "name": "Christoph Singer",
                    "email": "singer@webagentur72.de"
                }
            ],
            "description": "HTML minifier and indenter that works on the DOM tree",
            "time": "2018-03-08 20:39:03"
        },
        {
            "name": "wa72/htmlpagedom",
            "version": "v1.3.1",
            "source": {
                "type": "git",
                "url": "https://github.com/wasinger/htmlpagedom.git",
                "reference": "509520415f7f0cb1d3a4a0d3fd1b8eb4bab527a1"
            },
            "dist": {
                "type": "zip",
                "url": "https://api.github.com/repos/wasinger/htmlpagedom/zipball/509520415f7f0cb1d3a4a0d3fd1b8eb4bab527a1",
                "reference": "509520415f7f0cb1d3a4a0d3fd1b8eb4bab527a1",
                "shasum": ""
            },
            "require": {
                "php": ">=5.4.0",
                "symfony/css-selector": ">=2.3",
                "symfony/dom-crawler": "^2.3 <2.8 | ^2.8.3 | ^3.0.1 | ^4"
            },
            "require-dev": {
                "phpunit/phpunit": "^4|^5|^6|^7",
                "wa72/html-pretty-min": "~0.1"
            },
            "suggest": {
                "wa72/html-pretty-min": "Minify or indent HTML documents"
            },
            "type": "library",
            "autoload": {
                "psr-4": {
                    "Wa72\\HtmlPageDom\\": "src/"
                }
            },
            "notification-url": "https://packagist.org/downloads/",
            "license": [
                "MIT"
            ],
            "authors": [
                {
                    "name": "Christoph Singer",
                    "email": "singer@webagentur72.de",
                    "homepage": "http://www.webagentur72.de"
                }
            ],
            "description": "PHP implementation of the jQuery DOM manipulation API for HTML documents",
            "homepage": "http://github.com/wasinger/htmlpagedom",
            "keywords": [
                "crawler",
                "dom",
                "html"
            ],
            "time": "2018-03-08 21:15:06"
        }
    ],
    "packages-dev": [],
    "aliases": [],
    "minimum-stability": "stable",
    "stability-flags": [],
    "prefer-stable": false,
    "prefer-lowest": false,
    "platform": [],
    "platform-dev": []
}
